
Microsoft Visual Studio Solution File, Format Version 12.00
Project("{FAE04EC0-301F-11D3-BF4B-00C04F79EFBC}") = "Dynamic.Programming", "Dynamic.Programming\Dynamic.Programming.csproj", "{3EC63C58-2FC9-44A8-99A1-A113EA9AC6EE}"
EndProject
Global
	GlobalSection(SolutionConfigurationPlatforms) = preSolution
		Debug|Any CPU = Debug|Any CPU
		Release|Any CPU = Release|Any CPU
	EndGlobalSection
	GlobalSection(ProjectConfigurationPlatforms) = postSolution
		{3EC63C58-2FC9-44A8-99A1-A113EA9AC6EE}.Debug|Any CPU.ActiveCfg = Debug|Any CPU
		{3EC63C58-2FC9-44A8-99A1-A113EA9AC6EE}.Debug|Any CPU.Build.0 = Debug|Any CPU
		{3EC63C58-2FC9-44A8-99A1-A113EA9AC6EE}.Release|Any CPU.ActiveCfg = Release|Any CPU
		{3EC63C58-2FC9-44A8-99A1-A113EA9AC6EE}.Release|Any CPU.Build.0 = Release|Any CPU
	EndGlobalSection
EndGlobal
